// !$*UTF8*$!
{
	archiveVersion = 1;
	classes = {
	};
	objectVersion = 46;
	objects = {

/* Begin PBXBuildFile section */
		761849CB14DB808B00F84561 /* DistancePoint.m in Sources */ = {isa = PBXBuildFile; fileRef = 761849CA14DB808B00F84561 /* DistancePoint.m */; };
		761849CE14DB851600F84561 /* GpsTotals.m in Sources */ = {isa = PBXBuildFile; fileRef = 761849CD14DB851600F84561 /* GpsTotals.m */; };
		761849DB14DBA82000F84561 /* BigOn512.png in Resources */ = {isa = PBXBuildFile; fileRef = 761849D714DBA82000F84561 /* BigOn512.png */; };
		761849DC14DBA82000F84561 /* Icon-72.png in Resources */ = {isa = PBXBuildFile; fileRef = 761849D814DBA82000F84561 /* Icon-72.png */; };
		761849DD14DBA82000F84561 /* Icon.png in Resources */ = {isa = PBXBuildFile; fileRef = 761849D914DBA82000F84561 /* Icon.png */; };
		761849DE14DBA82000F84561 /* Icon@2x.png in Resources */ = {isa = PBXBuildFile; fileRef = 761849DA14DBA82000F84561 /* Icon@2x.png */; };
		76310BDD14D7AD7D0084D06A /* redgradient.jpg in Resources */ = {isa = PBXBuildFile; fileRef = 76310BDC14D7AD7D0084D06A /* redgradient.jpg */; };
		76310BE614D7AFAE0084D06A /* ASBSparkLineView.m in Sources */ = {isa = PBXBuildFile; fileRef = 76310BE514D7AFAE0084D06A /* ASBSparkLineView.m */; };
		76310BE914D7B1770084D06A /* TrackingManager.m in Sources */ = {isa = PBXBuildFile; fileRef = 76310BE814D7B1770084D06A /* TrackingManager.m */; };
		76310BEF14D7B2350084D06A /* SystemConfiguration.framework in Frameworks */ = {isa = PBXBuildFile; fileRef = 76310BEE14D7B2350084D06A /* SystemConfiguration.framework */; };
		76310BF114D7B2550084D06A /* CoreLocation.framework in Frameworks */ = {isa = PBXBuildFile; fileRef = 76310BF014D7B2550084D06A /* CoreLocation.framework */; };
		763D849714DDDFE6008ECB99 /* MovieTransportBackground.png in Resources */ = {isa = PBXBuildFile; fileRef = 763D849614DDDFE6008ECB99 /* MovieTransportBackground.png */; };
		763D849A14DDE734008ECB99 /* README in Resources */ = {isa = PBXBuildFile; fileRef = 763D849914DDE734008ECB99 /* README */; };
		763D84A114DDFAE4008ECB99 /* GpsDatabaseManager.m in Sources */ = {isa = PBXBuildFile; fileRef = 763D84A014DDFAE4008ECB99 /* GpsDatabaseManager.m */; };
		763D84A414DDFB3B008ECB99 /* SessionModel.xcdatamodeld in Sources */ = {isa = PBXBuildFile; fileRef = 763D84A214DDFB3B008ECB99 /* SessionModel.xcdatamodeld */; };
		763D84AA14DE028A008ECB99 /* Points.m in Sources */ = {isa = PBXBuildFile; fileRef = 763D84A914DE028A008ECB99 /* Points.m */; };
		763D84AC14DE057A008ECB99 /* CoreData.framework in Frameworks */ = {isa = PBXBuildFile; fileRef = 763D84AB14DE057A008ECB99 /* CoreData.framework */; };
		763D84B214DE0CEF008ECB99 /* SessionRun.m in Sources */ = {isa = PBXBuildFile; fileRef = 763D84B114DE0CEE008ECB99 /* SessionRun.m */; };
		76C4E34514DEECA1009AF75F /* HistoryViewController.m in Sources */ = {isa = PBXBuildFile; fileRef = 76C4E34314DEECA1009AF75F /* HistoryViewController.m */; };
		76CA2A0C14DF7AF9000C6B4F /* SettingsViewController.m in Sources */ = {isa = PBXBuildFile; fileRef = 76CA2A0B14DF7AF9000C6B4F /* SettingsViewController.m */; };
		76CA2A1014DF7DD0000C6B4F /* GradientFill.png in Resources */ = {isa = PBXBuildFile; fileRef = 76CA2A0E14DF7DD0000C6B4F /* GradientFill.png */; };
		76CA2A1114DF7DD0000C6B4F /* UITableSelection.png in Resources */ = {isa = PBXBuildFile; fileRef = 76CA2A0F14DF7DD0000C6B4F /* UITableSelection.png */; };
		76CA2A1414DF7F79000C6B4F /* AboutViewController.m in Sources */ = {isa = PBXBuildFile; fileRef = 76CA2A1314DF7F78000C6B4F /* AboutViewController.m */; };
		88D8BAB214D8B22100A8010C /* SVStatusHUD.m in Sources */ = {isa = PBXBuildFile; fileRef = 88D8BAB114D8B22100A8010C /* SVStatusHUD.m */; };
		88F76AD814D73EE900587116 /* UIKit.framework in Frameworks */ = {isa = PBXBuildFile; fileRef = 88F76AD714D73EE900587116 /* UIKit.framework */; };
		88F76ADA14D73EE900587116 /* Foundation.framework in Frameworks */ = {isa = PBXBuildFile; fileRef = 88F76AD914D73EE900587116 /* Foundation.framework */; };
		88F76ADC14D73EE900587116 /* CoreGraphics.framework in Frameworks */ = {isa = PBXBuildFile; fileRef = 88F76ADB14D73EE900587116 /* CoreGraphics.framework */; };
		88F76AE214D73EE900587116 /* InfoPlist.strings in Resources */ = {isa = PBXBuildFile; fileRef = 88F76AE014D73EE900587116 /* InfoPlist.strings */; };
		88F76AE414D73EE900587116 /* main.m in Sources */ = {isa = PBXBuildFile; fileRef = 88F76AE314D73EE900587116 /* main.m */; };
		88F76AE814D73EE900587116 /* AppDelegate.m in Sources */ = {isa = PBXBuildFile; fileRef = 88F76AE714D73EE900587116 /* AppDelegate.m */; };
		88F76AEB14D73EE900587116 /* MainStoryboard.storyboard in Resources */ = {isa = PBXBuildFile; fileRef = 88F76AE914D73EE900587116 /* MainStoryboard.storyboard */; };
		88F76AEE14D73EE900587116 /* ViewController.m in Sources */ = {isa = PBXBuildFile; fileRef = 88F76AED14D73EE900587116 /* ViewController.m */; };
		88F76AF814D73F9C00587116 /* 102-walk.png in Resources */ = {isa = PBXBuildFile; fileRef = 88F76AF514D73F9C00587116 /* 102-walk.png */; };
		88F76AF914D73F9C00587116 /* 63-runner.png in Resources */ = {isa = PBXBuildFile; fileRef = 88F76AF614D73F9C00587116 /* 63-runner.png */; };
		88F76AFA14D73F9C00587116 /* baby-blue-solid.jpg in Resources */ = {isa = PBXBuildFile; fileRef = 88F76AF714D73F9C00587116 /* baby-blue-solid.jpg */; };
		88F76AFD14D74A2D00587116 /* RunViewController.m in Sources */ = {isa = PBXBuildFile; fileRef = 88F76AFC14D74A2D00587116 /* RunViewController.m */; };
/* End PBXBuildFile section */

/* Begin PBXFileReference section */
		761849C914DB808B00F84561 /* DistancePoint.h */ = {isa = PBXFileReference; fileEncoding = 4; lastKnownFileType = sourcecode.c.h; path = DistancePoint.h; sourceTree = "<group>"; };
		761849CA14DB808B00F84561 /* DistancePoint.m */ = {isa = PBXFileReference; fileEncoding = 4; lastKnownFileType = sourcecode.c.objc; path = DistancePoint.m; sourceTree = "<group>"; };
		761849CC14DB851600F84561 /* GpsTotals.h */ = {isa = PBXFileReference; fileEncoding = 4; lastKnownFileType = sourcecode.c.h; path = GpsTotals.h; sourceTree = "<group>"; };
		761849CD14DB851600F84561 /* GpsTotals.m */ = {isa = PBXFileReference; fileEncoding = 4; lastKnownFileType = sourcecode.c.objc; path = GpsTotals.m; sourceTree = "<group>"; };
		761849D714DBA82000F84561 /* BigOn512.png */ = {isa = PBXFileReference; lastKnownFileType = image.png; path = BigOn512.png; sourceTree = "<group>"; };
		761849D814DBA82000F84561 /* Icon-72.png */ = {isa = PBXFileReference; lastKnownFileType = image.png; path = "Icon-72.png"; sourceTree = "<group>"; };
		761849D914DBA82000F84561 /* Icon.png */ = {isa = PBXFileReference; lastKnownFileType = image.png; path = Icon.png; sourceTree = "<group>"; };
		761849DA14DBA82000F84561 /* Icon@2x.png */ = {isa = PBXFileReference; lastKnownFileType = image.png; path = "Icon@2x.png"; sourceTree = "<group>"; };
		76310BDC14D7AD7D0084D06A /* redgradient.jpg */ = {isa = PBXFileReference; lastKnownFileType = image.jpeg; path = redgradient.jpg; sourceTree = "<group>"; };
		76310BE414D7AFAE0084D06A /* ASBSparkLineView.h */ = {isa = PBXFileReference; fileEncoding = 4; lastKnownFileType = sourcecode.c.h; path = ASBSparkLineView.h; sourceTree = "<group>"; };
		76310BE514D7AFAE0084D06A /* ASBSparkLineView.m */ = {isa = PBXFileReference; fileEncoding = 4; lastKnownFileType = sourcecode.c.objc; path = ASBSparkLineView.m; sourceTree = "<group>"; };
		76310BE714D7B1770084D06A /* TrackingManager.h */ = {isa = PBXFileReference; fileEncoding = 4; lastKnownFileType = sourcecode.c.h; path = TrackingManager.h; sourceTree = "<group>"; };
		76310BE814D7B1770084D06A /* TrackingManager.m */ = {isa = PBXFileReference; fileEncoding = 4; lastKnownFileType = sourcecode.c.objc; path = TrackingManager.m; sourceTree = "<group>"; };
		76310BEE14D7B2350084D06A /* SystemConfiguration.framework */ = {isa = PBXFileReference; lastKnownFileType = wrapper.framework; name = SystemConfiguration.framework; path = System/Library/Frameworks/SystemConfiguration.framework; sourceTree = SDKROOT; };
		76310BF014D7B2550084D06A /* CoreLocation.framework */ = {isa = PBXFileReference; lastKnownFileType = wrapper.framework; name = CoreLocation.framework; path = System/Library/Frameworks/CoreLocation.framework; sourceTree = SDKROOT; };
		763D849614DDDFE6008ECB99 /* MovieTransportBackground.png */ = {isa = PBXFileReference; lastKnownFileType = image.png; path = MovieTransportBackground.png; sourceTree = "<group>"; };
		763D849914DDE734008ECB99 /* README */ = {isa = PBXFileReference; fileEncoding = 4; lastKnownFileType = text; path = README; sourceTree = "<group>"; };
		763D849F14DDFAE4008ECB99 /* GpsDatabaseManager.h */ = {isa = PBXFileReference; fileEncoding = 4; lastKnownFileType = sourcecode.c.h; path = GpsDatabaseManager.h; sourceTree = "<group>"; };
		763D84A014DDFAE4008ECB99 /* GpsDatabaseManager.m */ = {isa = PBXFileReference; fileEncoding = 4; lastKnownFileType = sourcecode.c.objc; path = GpsDatabaseManager.m; sourceTree = "<group>"; };
		763D84A314DDFB3B008ECB99 /* SessionModel.xcdatamodel */ = {isa = PBXFileReference; lastKnownFileType = wrapper.xcdatamodel; path = SessionModel.xcdatamodel; sourceTree = "<group>"; };
		763D84A814DE028A008ECB99 /* Points.h */ = {isa = PBXFileReference; fileEncoding = 4; lastKnownFileType = sourcecode.c.h; path = Points.h; sourceTree = "<group>"; };
		763D84A914DE028A008ECB99 /* Points.m */ = {isa = PBXFileReference; fileEncoding = 4; lastKnownFileType = sourcecode.c.objc; path = Points.m; sourceTree = "<group>"; };
		763D84AB14DE057A008ECB99 /* CoreData.framework */ = {isa = PBXFileReference; lastKnownFileType = wrapper.framework; name = CoreData.framework; path = System/Library/Frameworks/CoreData.framework; sourceTree = SDKROOT; };
		763D84B014DE0CEE008ECB99 /* SessionRun.h */ = {isa = PBXFileReference; fileEncoding = 4; lastKnownFileType = sourcecode.c.h; path = SessionRun.h; sourceTree = "<group>"; };
		763D84B114DE0CEE008ECB99 /* SessionRun.m */ = {isa = PBXFileReference; fileEncoding = 4; lastKnownFileType = sourcecode.c.objc; path = SessionRun.m; sourceTree = "<group>"; };
		76C4E34214DEECA1009AF75F /* HistoryViewController.h */ = {isa = PBXFileReference; fileEncoding = 4; lastKnownFileType = sourcecode.c.h; path = HistoryViewController.h; sourceTree = "<group>"; };
		76C4E34314DEECA1009AF75F /* HistoryViewController.m */ = {isa = PBXFileReference; fileEncoding = 4; lastKnownFileType = sourcecode.c.objc; path = HistoryViewController.m; sourceTree = "<group>"; };
		76C4E34814DEF363009AF75F /* RunProtocol.h */ = {isa = PBXFileReference; fileEncoding = 4; lastKnownFileType = sourcecode.c.h; path = RunProtocol.h; sourceTree = "<group>"; };
		76CA2A0A14DF7AF9000C6B4F /* SettingsViewController.h */ = {isa = PBXFileReference; fileEncoding = 4; lastKnownFileType = sourcecode.c.h; path = SettingsViewController.h; sourceTree = "<group>"; };
		76CA2A0B14DF7AF9000C6B4F /* SettingsViewController.m */ = {isa = PBXFileReference; fileEncoding = 4; lastKnownFileType = sourcecode.c.objc; path = SettingsViewController.m; sourceTree = "<group>"; };
		76CA2A0E14DF7DD0000C6B4F /* GradientFill.png */ = {isa = PBXFileReference; lastKnownFileType = image.png; path = GradientFill.png; sourceTree = "<group>"; };
		76CA2A0F14DF7DD0000C6B4F /* UITableSelection.png */ = {isa = PBXFileReference; lastKnownFileType = image.png; path = UITableSelection.png; sourceTree = "<group>"; };
		76CA2A1214DF7F78000C6B4F /* AboutViewController.h */ = {isa = PBXFileReference; fileEncoding = 4; lastKnownFileType = sourcecode.c.h; path = AboutViewController.h; sourceTree = "<group>"; };
		76CA2A1314DF7F78000C6B4F /* AboutViewController.m */ = {isa = PBXFileReference; fileEncoding = 4; lastKnownFileType = sourcecode.c.objc; path = AboutViewController.m; sourceTree = "<group>"; };
		88D8BAB014D8B22100A8010C /* SVStatusHUD.h */ = {isa = PBXFileReference; fileEncoding = 4; lastKnownFileType = sourcecode.c.h; path = SVStatusHUD.h; sourceTree = "<group>"; };
		88D8BAB114D8B22100A8010C /* SVStatusHUD.m */ = {isa = PBXFileReference; fileEncoding = 4; lastKnownFileType = sourcecode.c.objc; path = SVStatusHUD.m; sourceTree = "<group>"; };
		88F76AD314D73EE900587116 /* Run.app */ = {isa = PBXFileReference; explicitFileType = wrapper.application; includeInIndex = 0; path = Run.app; sourceTree = BUILT_PRODUCTS_DIR; };
		88F76AD714D73EE900587116 /* UIKit.framework */ = {isa = PBXFileReference; lastKnownFileType = wrapper.framework; name = UIKit.framework; path = System/Library/Frameworks/UIKit.framework; sourceTree = SDKROOT; };
		88F76AD914D73EE900587116 /* Foundation.framework */ = {isa = PBXFileReference; lastKnownFileType = wrapper.framework; name = Foundation.framework; path = System/Library/Frameworks/Foundation.framework; sourceTree = SDKROOT; };
		88F76ADB14D73EE900587116 /* CoreGraphics.framework */ = {isa = PBXFileReference; lastKnownFileType = wrapper.framework; name = CoreGraphics.framework; path = System/Library/Frameworks/CoreGraphics.framework; sourceTree = SDKROOT; };
		88F76ADF14D73EE900587116 /* Run-Info.plist */ = {isa = PBXFileReference; lastKnownFileType = text.plist.xml; path = "Run-Info.plist"; sourceTree = "<group>"; };
		88F76AE114D73EE900587116 /* en */ = {isa = PBXFileReference; lastKnownFileType = text.plist.strings; name = en; path = en.lproj/InfoPlist.strings; sourceTree = "<group>"; };
		88F76AE314D73EE900587116 /* main.m */ = {isa = PBXFileReference; lastKnownFileType = sourcecode.c.objc; path = main.m; sourceTree = "<group>"; };
		88F76AE514D73EE900587116 /* Run-Prefix.pch */ = {isa = PBXFileReference; lastKnownFileType = sourcecode.c.h; path = "Run-Prefix.pch"; sourceTree = "<group>"; };
		88F76AE614D73EE900587116 /* AppDelegate.h */ = {isa = PBXFileReference; lastKnownFileType = sourcecode.c.h; path = AppDelegate.h; sourceTree = "<group>"; };
		88F76AE714D73EE900587116 /* AppDelegate.m */ = {isa = PBXFileReference; lastKnownFileType = sourcecode.c.objc; path = AppDelegate.m; sourceTree = "<group>"; };
		88F76AEA14D73EE900587116 /* en */ = {isa = PBXFileReference; lastKnownFileType = file.storyboard; name = en; path = en.lproj/MainStoryboard.storyboard; sourceTree = "<group>"; };
		88F76AEC14D73EE900587116 /* ViewController.h */ = {isa = PBXFileReference; lastKnownFileType = sourcecode.c.h; path = ViewController.h; sourceTree = "<group>"; };
		88F76AED14D73EE900587116 /* ViewController.m */ = {isa = PBXFileReference; lastKnownFileType = sourcecode.c.objc; path = ViewController.m; sourceTree = "<group>"; };
		88F76AF514D73F9C00587116 /* 102-walk.png */ = {isa = PBXFileReference; lastKnownFileType = image.png; path = "102-walk.png"; sourceTree = "<group>"; };
		88F76AF614D73F9C00587116 /* 63-runner.png */ = {isa = PBXFileReference; lastKnownFileType = image.png; path = "63-runner.png"; sourceTree = "<group>"; };
		88F76AF714D73F9C00587116 /* baby-blue-solid.jpg */ = {isa = PBXFileReference; lastKnownFileType = image.jpeg; path = "baby-blue-solid.jpg"; sourceTree = "<group>"; };
		88F76AFB14D74A2D00587116 /* RunViewController.h */ = {isa = PBXFileReference; fileEncoding = 4; lastKnownFileType = sourcecode.c.h; path = RunViewController.h; sourceTree = "<group>"; };
		88F76AFC14D74A2D00587116 /* RunViewController.m */ = {isa = PBXFileReference; fileEncoding = 4; lastKnownFileType = sourcecode.c.objc; path = RunViewController.m; sourceTree = "<group>"; };
/* End PBXFileReference section */

/* Begin PBXFrameworksBuildPhase section */
		88F76AD014D73EE900587116 /* Frameworks */ = {
			isa = PBXFrameworksBuildPhase;
			buildActionMask = 2147483647;
			files = (
				763D84AC14DE057A008ECB99 /* CoreData.framework in Frameworks */,
				76310BF114D7B2550084D06A /* CoreLocation.framework in Frameworks */,
				76310BEF14D7B2350084D06A /* SystemConfiguration.framework in Frameworks */,
				88F76AD814D73EE900587116 /* UIKit.framework in Frameworks */,
				88F76ADA14D73EE900587116 /* Foundation.framework in Frameworks */,
				88F76ADC14D73EE900587116 /* CoreGraphics.framework in Frameworks */,
			);
			runOnlyForDeploymentPostprocessing = 0;
		};
/* End PBXFrameworksBuildPhase section */

/* Begin PBXGroup section */
		761849C714DB804E00F84561 /* Models */ = {
			isa = PBXGroup;
			children = (
				761849C914DB808B00F84561 /* DistancePoint.h */,
				761849CA14DB808B00F84561 /* DistancePoint.m */,
				761849CC14DB851600F84561 /* GpsTotals.h */,
				761849CD14DB851600F84561 /* GpsTotals.m */,
			);
			name = Models;
			sourceTree = "<group>";
		};
		76310BE314D7AFAE0084D06A /* Graphics */ = {
			isa = PBXGroup;
			children = (
				76310BE414D7AFAE0084D06A /* ASBSparkLineView.h */,
				76310BE514D7AFAE0084D06A /* ASBSparkLineView.m */,
			);
			path = Graphics;
			sourceTree = "<group>";
		};
		763D849814DDE734008ECB99 /* Database */ = {
			isa = PBXGroup;
			children = (
				763D849F14DDFAE4008ECB99 /* GpsDatabaseManager.h */,
				763D84A014DDFAE4008ECB99 /* GpsDatabaseManager.m */,
				763D849914DDE734008ECB99 /* README */,
				763D84A214DDFB3B008ECB99 /* SessionModel.xcdatamodeld */,
				763D84A814DE028A008ECB99 /* Points.h */,
				763D84A914DE028A008ECB99 /* Points.m */,
				763D84B014DE0CEE008ECB99 /* SessionRun.h */,
				763D84B114DE0CEE008ECB99 /* SessionRun.m */,
			);
			path = Database;
			sourceTree = "<group>";
		};
		88D8BAAF14D8B22100A8010C /* SVStatusHUD */ = {
			isa = PBXGroup;
			children = (
				88D8BAB014D8B22100A8010C /* SVStatusHUD.h */,
				88D8BAB114D8B22100A8010C /* SVStatusHUD.m */,
			);
			path = SVStatusHUD;
			sourceTree = "<group>";
		};
		88F76AC814D73EE900587116 = {
			isa = PBXGroup;
			children = (
				763D84AB14DE057A008ECB99 /* CoreData.framework */,
				76310BF014D7B2550084D06A /* CoreLocation.framework */,
				76310BEE14D7B2350084D06A /* SystemConfiguration.framework */,
				88F76ADD14D73EE900587116 /* Run */,
				88F76AD614D73EE900587116 /* Frameworks */,
				88F76AD414D73EE900587116 /* Products */,
			);
			sourceTree = "<group>";
		};
		88F76AD414D73EE900587116 /* Products */ = {
			isa = PBXGroup;
			children = (
				88F76AD314D73EE900587116 /* Run.app */,
			);
			name = Products;
			sourceTree = "<group>";
		};
		88F76AD614D73EE900587116 /* Frameworks */ = {
			isa = PBXGroup;
			children = (
				88F76AD714D73EE900587116 /* UIKit.framework */,
				88F76AD914D73EE900587116 /* Foundation.framework */,
				88F76ADB14D73EE900587116 /* CoreGraphics.framework */,
			);
			name = Frameworks;
			sourceTree = "<group>";
		};
		88F76ADD14D73EE900587116 /* Run */ = {
			isa = PBXGroup;
			children = (
				763D849814DDE734008ECB99 /* Database */,
				761849C714DB804E00F84561 /* Models */,
				88D8BAAF14D8B22100A8010C /* SVStatusHUD */,
				76310BE714D7B1770084D06A /* TrackingManager.h */,
				76310BE814D7B1770084D06A /* TrackingManager.m */,
				76310BE314D7AFAE0084D06A /* Graphics */,
				88F76AF414D73F9C00587116 /* Resources */,
				88F76AE614D73EE900587116 /* AppDelegate.h */,
				88F76AE714D73EE900587116 /* AppDelegate.m */,
				88F76AE914D73EE900587116 /* MainStoryboard.storyboard */,
				88F76AEC14D73EE900587116 /* ViewController.h */,
				88F76AED14D73EE900587116 /* ViewController.m */,
				88F76ADE14D73EE900587116 /* Supporting Files */,
				88F76AFB14D74A2D00587116 /* RunViewController.h */,
				88F76AFC14D74A2D00587116 /* RunViewController.m */,
				76C4E34214DEECA1009AF75F /* HistoryViewController.h */,
				76C4E34314DEECA1009AF75F /* HistoryViewController.m */,
				76C4E34814DEF363009AF75F /* RunProtocol.h */,
				76CA2A0A14DF7AF9000C6B4F /* SettingsViewController.h */,
				76CA2A0B14DF7AF9000C6B4F /* SettingsViewController.m */,
				76CA2A1214DF7F78000C6B4F /* AboutViewController.h */,
				76CA2A1314DF7F78000C6B4F /* AboutViewController.m */,
			);
			path = Run;
			sourceTree = "<group>";
		};
		88F76ADE14D73EE900587116 /* Supporting Files */ = {
			isa = PBXGroup;
			children = (
				88F76ADF14D73EE900587116 /* Run-Info.plist */,
				88F76AE014D73EE900587116 /* InfoPlist.strings */,
				88F76AE314D73EE900587116 /* main.m */,
				88F76AE514D73EE900587116 /* Run-Prefix.pch */,
			);
			name = "Supporting Files";
			sourceTree = "<group>";
		};
		88F76AF414D73F9C00587116 /* Resources */ = {
			isa = PBXGroup;
			children = (
				76CA2A0E14DF7DD0000C6B4F /* GradientFill.png */,
				76CA2A0F14DF7DD0000C6B4F /* UITableSelection.png */,
				763D849614DDDFE6008ECB99 /* MovieTransportBackground.png */,
				761849D714DBA82000F84561 /* BigOn512.png */,
				761849D814DBA82000F84561 /* Icon-72.png */,
				761849D914DBA82000F84561 /* Icon.png */,
				761849DA14DBA82000F84561 /* Icon@2x.png */,
				76310BDC14D7AD7D0084D06A /* redgradient.jpg */,
				88F76AF514D73F9C00587116 /* 102-walk.png */,
				88F76AF614D73F9C00587116 /* 63-runner.png */,
				88F76AF714D73F9C00587116 /* baby-blue-solid.jpg */,
			);
			path = Resources;
			sourceTree = "<group>";
		};
/* End PBXGroup section */

/* Begin PBXNativeTarget section */
		88F76AD214D73EE900587116 /* Run */ = {
			isa = PBXNativeTarget;
			buildConfigurationList = 88F76AF114D73EE900587116 /* Build configuration list for PBXNativeTarget "Run" */;
			buildPhases = (
				88F76ACF14D73EE900587116 /* Sources */,
				88F76AD014D73EE900587116 /* Frameworks */,
				88F76AD114D73EE900587116 /* Resources */,
			);
			buildRules = (
			);
			dependencies = (
			);
			name = Run;
			productName = Run;
			productReference = 88F76AD314D73EE900587116 /* Run.app */;
			productType = "com.apple.product-type.application";
		};
/* End PBXNativeTarget section */

/* Begin PBXProject section */
		88F76ACA14D73EE900587116 /* Project object */ = {
			isa = PBXProject;
			attributes = {
				LastUpgradeCheck = 0420;
			};
			buildConfigurationList = 88F76ACD14D73EE900587116 /* Build configuration list for PBXProject "Run" */;
			compatibilityVersion = "Xcode 3.2";
			developmentRegion = English;
			hasScannedForEncodings = 0;
			knownRegions = (
				en,
			);
			mainGroup = 88F76AC814D73EE900587116;
			productRefGroup = 88F76AD414D73EE900587116 /* Products */;
			projectDirPath = "";
			projectRoot = "";
			targets = (
				88F76AD214D73EE900587116 /* Run */,
			);
		};
/* End PBXProject section */

/* Begin PBXResourcesBuildPhase section */
		88F76AD114D73EE900587116 /* Resources */ = {
			isa = PBXResourcesBuildPhase;
			buildActionMask = 2147483647;
			files = (
				88F76AE214D73EE900587116 /* InfoPlist.strings in Resources */,
				88F76AEB14D73EE900587116 /* MainStoryboard.storyboard in Resources */,
				88F76AF814D73F9C00587116 /* 102-walk.png in Resources */,
				88F76AF914D73F9C00587116 /* 63-runner.png in Resources */,
				88F76AFA14D73F9C00587116 /* baby-blue-solid.jpg in Resources */,
				76310BDD14D7AD7D0084D06A /* redgradient.jpg in Resources */,
				761849DB14DBA82000F84561 /* BigOn512.png in Resources */,
				761849DC14DBA82000F84561 /* Icon-72.png in Resources */,
				761849DD14DBA82000F84561 /* Icon.png in Resources */,
				761849DE14DBA82000F84561 /* Icon@2x.png in Resources */,
				763D849714DDDFE6008ECB99 /* MovieTransportBackground.png in Resources */,
				763D849A14DDE734008ECB99 /* README in Resources */,
				76CA2A1014DF7DD0000C6B4F /* GradientFill.png in Resources */,
				76CA2A1114DF7DD0000C6B4F /* UITableSelection.png in Resources */,
			);
			runOnlyForDeploymentPostprocessing = 0;
		};
/* End PBXResourcesBuildPhase section */

/* Begin PBXSourcesBuildPhase section */
		88F76ACF14D73EE900587116 /* Sources */ = {
			isa = PBXSourcesBuildPhase;
			buildActionMask = 2147483647;
			files = (
				88F76AE414D73EE900587116 /* main.m in Sources */,
				88F76AE814D73EE900587116 /* AppDelegate.m in Sources */,
				88F76AEE14D73EE900587116 /* ViewController.m in Sources */,
				88F76AFD14D74A2D00587116 /* RunViewController.m in Sources */,
				76310BE614D7AFAE0084D06A /* ASBSparkLineView.m in Sources */,
				76310BE914D7B1770084D06A /* TrackingManager.m in Sources */,
				88D8BAB214D8B22100A8010C /* SVStatusHUD.m in Sources */,
				761849CB14DB808B00F84561 /* DistancePoint.m in Sources */,
				761849CE14DB851600F84561 /* GpsTotals.m in Sources */,
				763D84A114DDFAE4008ECB99 /* GpsDatabaseManager.m in Sources */,
				763D84A414DDFB3B008ECB99 /* SessionModel.xcdatamodeld in Sources */,
				763D84AA14DE028A008ECB99 /* Points.m in Sources */,
				763D84B214DE0CEF008ECB99 /* SessionRun.m in Sources */,
				76C4E34514DEECA1009AF75F /* HistoryViewController.m in Sources */,
				76CA2A0C14DF7AF9000C6B4F /* SettingsViewController.m in Sources */,
				76CA2A1414DF7F79000C6B4F /* AboutViewController.m in Sources */,
			);
			runOnlyForDeploymentPostprocessing = 0;
		};
/* End PBXSourcesBuildPhase section */

/* Begin PBXVariantGroup section */
		88F76AE014D73EE900587116 /* InfoPlist.strings */ = {
			isa = PBXVariantGroup;
			children = (
				88F76AE114D73EE900587116 /* en */,
			);
			name = InfoPlist.strings;
			sourceTree = "<group>";
		};
		88F76AE914D73EE900587116 /* MainStoryboard.storyboard */ = {
			isa = PBXVariantGroup;
			children = (
				88F76AEA14D73EE900587116 /* en */,
			);
			name = MainStoryboard.storyboard;
			sourceTree = "<group>";
		};
/* End PBXVariantGroup section */

/* Begin XCBuildConfiguration section */
		88F76AEF14D73EE900587116 /* Debug */ = {
			isa = XCBuildConfiguration;
			buildSettings = {
				ALWAYS_SEARCH_USER_PATHS = NO;
				ARCHS = "$(ARCHS_STANDARD_32_BIT)";
				CLANG_ENABLE_OBJC_ARC = YES;
				"CODE_SIGN_IDENTITY[sdk=iphoneos*]" = "iPhone Developer";
				COPY_PHASE_STRIP = NO;
				GCC_C_LANGUAGE_STANDARD = gnu99;
				GCC_DYNAMIC_NO_PIC = NO;
				GCC_OPTIMIZATION_LEVEL = 0;
				GCC_PREPROCESSOR_DEFINITIONS = (
					"DEBUG=1",
					"$(inherited)",
				);
				GCC_SYMBOLS_PRIVATE_EXTERN = NO;
				GCC_VERSION = com.apple.compilers.llvm.clang.1_0;
				GCC_WARN_ABOUT_MISSING_PROTOTYPES = YES;
				GCC_WARN_ABOUT_RETURN_TYPE = YES;
				GCC_WARN_UNUSED_VARIABLE = YES;
				IPHONEOS_DEPLOYMENT_TARGET = 5.0;
				SDKROOT = iphoneos;
			};
			name = Debug;
		};
		88F76AF014D73EE900587116 /* Release */ = {
			isa = XCBuildConfiguration;
			buildSettings = {
				ALWAYS_SEARCH_USER_PATHS = NO;
				ARCHS = "$(ARCHS_STANDARD_32_BIT)";
				CLANG_ENABLE_OBJC_ARC = YES;
				"CODE_SIGN_IDENTITY[sdk=iphoneos*]" = "iPhone Developer";
				COPY_PHASE_STRIP = YES;
				GCC_C_LANGUAGE_STANDARD = gnu99;
				GCC_VERSION = com.apple.compilers.llvm.clang.1_0;
				GCC_WARN_ABOUT_MISSING_PROTOTYPES = YES;
				GCC_WARN_ABOUT_RETURN_TYPE = YES;
				GCC_WARN_UNUSED_VARIABLE = YES;
				IPHONEOS_DEPLOYMENT_TARGET = 5.0;
				OTHER_CFLAGS = "-DNS_BLOCK_ASSERTIONS=1";
				SDKROOT = iphoneos;
				VALIDATE_PRODUCT = YES;
			};
			name = Release;
		};
		88F76AF214D73EE900587116 /* Debug */ = {
			isa = XCBuildConfiguration;
			buildSettings = {
				GCC_PRECOMPILE_PREFIX_HEADER = YES;
				GCC_PREFIX_HEADER = "Run/Run-Prefix.pch";
				INFOPLIST_FILE = "Run/Run-Info.plist";
				PRODUCT_NAME = "$(TARGET_NAME)";
				WRAPPER_EXTENSION = app;
			};
			name = Debug;
		};
		88F76AF314D73EE900587116 /* Release */ = {
			isa = XCBuildConfiguration;
			buildSettings = {
				GCC_PRECOMPILE_PREFIX_HEADER = YES;
				GCC_PREFIX_HEADER = "Run/Run-Prefix.pch";
				INFOPLIST_FILE = "Run/Run-Info.plist";
				PRODUCT_NAME = "$(TARGET_NAME)";
				WRAPPER_EXTENSION = app;
			};
			name = Release;
		};
/* End XCBuildConfiguration section */

/* Begin XCConfigurationList section */
		88F76ACD14D73EE900587116 /* Build configuration list for PBXProject "Run" */ = {
			isa = XCConfigurationList;
			buildConfigurations = (
				88F76AEF14D73EE900587116 /* Debug */,
				88F76AF014D73EE900587116 /* Release */,
			);
			defaultConfigurationIsVisible = 0;
			defaultConfigurationName = Release;
		};
		88F76AF114D73EE900587116 /* Build configuration list for PBXNativeTarget "Run" */ = {
			isa = XCConfigurationList;
			buildConfigurations = (
				88F76AF214D73EE900587116 /* Debug */,
				88F76AF314D73EE900587116 /* Release */,
			);
			defaultConfigurationIsVisible = 0;
			defaultConfigurationName = Release;
		};
/* End XCConfigurationList section */

/* Begin XCVersionGroup section */
		763D84A214DDFB3B008ECB99 /* SessionModel.xcdatamodeld */ = {
			isa = XCVersionGroup;
			children = (
				763D84A314DDFB3B008ECB99 /* SessionModel.xcdatamodel */,
			);
			currentVersion = 763D84A314DDFB3B008ECB99 /* SessionModel.xcdatamodel */;
			path = SessionModel.xcdatamodeld;
			sourceTree = "<group>";
			versionGroupType = wrapper.xcdatamodel;
		};
/* End XCVersionGroup section */
	};
	rootObject = 88F76ACA14D73EE900587116 /* Project object */;
}
